// !$*UTF8*$!
{
	archiveVersion = 1;
	classes = {
	};
	objectVersion = 46;
	objects = {

/* Begin PBXBuildFile section */
		06EFDC581717FEEE0029B266 /* UIKit.framework in Frameworks */ = {isa = PBXBuildFile; fileRef = 06EFDC571717FEEE0029B266 /* UIKit.framework */; };
		06EFDC5A1717FEEE0029B266 /* Foundation.framework in Frameworks */ = {isa = PBXBuildFile; fileRef = 06EFDC591717FEEE0029B266 /* Foundation.framework */; };
		06EFDC5C1717FEEE0029B266 /* CoreGraphics.framework in Frameworks */ = {isa = PBXBuildFile; fileRef = 06EFDC5B1717FEEE0029B266 /* CoreGraphics.framework */; };
		06EFDC621717FEEE0029B266 /* InfoPlist.strings in Resources */ = {isa = PBXBuildFile; fileRef = 06EFDC601717FEEE0029B266 /* InfoPlist.strings */; };
		06EFDC641717FEEE0029B266 /* main.m in Sources */ = {isa = PBXBuildFile; fileRef = 06EFDC631717FEEE0029B266 /* main.m */; };
		06EFDC681717FEEE0029B266 /* AppDelegate.m in Sources */ = {isa = PBXBuildFile; fileRef = 06EFDC671717FEEE0029B266 /* AppDelegate.m */; };
		06EFDC6A1717FEEE0029B266 /* Default.png in Resources */ = {isa = PBXBuildFile; fileRef = 06EFDC691717FEEE0029B266 /* Default.png */; };
		06EFDC6C1717FEEE0029B266 /* Default@2x.png in Resources */ = {isa = PBXBuildFile; fileRef = 06EFDC6B1717FEEE0029B266 /* Default@2x.png */; };
		06EFDC6E1717FEEE0029B266 /* Default-568h@2x.png in Resources */ = {isa = PBXBuildFile; fileRef = 06EFDC6D1717FEEE0029B266 /* Default-568h@2x.png */; };
		06EFDC711717FEEE0029B266 /* MainStoryboard.storyboard in Resources */ = {isa = PBXBuildFile; fileRef = 06EFDC6F1717FEEE0029B266 /* MainStoryboard.storyboard */; };
		06EFDC741717FEEE0029B266 /* ViewController.m in Sources */ = {isa = PBXBuildFile; fileRef = 06EFDC731717FEEE0029B266 /* ViewController.m */; };
/* End PBXBuildFile section */

/* Begin PBXFileReference section */
		06EFDC541717FEEE0029B266 /* SNBDelLineDemo.app */ = {isa = PBXFileReference; explicitFileType = wrapper.application; includeInIndex = 0; path = SNBDelLineDemo.app; sourceTree = BUILT_PRODUCTS_DIR; };
		06EFDC571717FEEE0029B266 /* UIKit.framework */ = {isa = PBXFileReference; lastKnownFileType = wrapper.framework; name = UIKit.framework; path = System/Library/Frameworks/UIKit.framework; sourceTree = SDKROOT; };
		06EFDC591717FEEE0029B266 /* Foundation.framework */ = {isa = PBXFileReference; lastKnownFileType = wrapper.framework; name = Foundation.framework; path = System/Library/Frameworks/Foundation.framework; sourceTree = SDKROOT; };
		06EFDC5B1717FEEE0029B266 /* CoreGraphics.framework */ = {isa = PBXFileReference; lastKnownFileType = wrapper.framework; name = CoreGraphics.framework; path = System/Library/Frameworks/CoreGraphics.framework; sourceTree = SDKROOT; };
		06EFDC5F1717FEEE0029B266 /* SNBDelLineDemo-Info.plist */ = {isa = PBXFileReference; lastKnownFileType = text.plist.xml; path = "SNBDelLineDemo-Info.plist"; sourceTree = "<group>"; };
		06EFDC611717FEEE0029B266 /* en */ = {isa = PBXFileReference; lastKnownFileType = text.plist.strings; name = en; path = en.lproj/InfoPlist.strings; sourceTree = "<group>"; };
		06EFDC631717FEEE0029B266 /* main.m */ = {isa = PBXFileReference; lastKnownFileType = sourcecode.c.objc; path = main.m; sourceTree = "<group>"; };
		06EFDC651717FEEE0029B266 /* SNBDelLineDemo-Prefix.pch */ = {isa = PBXFileReference; lastKnownFileType = sourcecode.c.h; path = "SNBDelLineDemo-Prefix.pch"; sourceTree = "<group>"; };
		06EFDC661717FEEE0029B266 /* AppDelegate.h */ = {isa = PBXFileReference; lastKnownFileType = sourcecode.c.h; path = AppDelegate.h; sourceTree = "<group>"; };
		06EFDC671717FEEE0029B266 /* AppDelegate.m */ = {isa = PBXFileReference; lastKnownFileType = sourcecode.c.objc; path = AppDelegate.m; sourceTree = "<group>"; };
		06EFDC691717FEEE0029B266 /* Default.png */ = {isa = PBXFileReference; lastKnownFileType = image.png; path = Default.png; sourceTree = "<group>"; };
		06EFDC6B1717FEEE0029B266 /* Default@2x.png */ = {isa = PBXFileReference; lastKnownFileType = image.png; path = "Default@2x.png"; sourceTree = "<group>"; };
		06EFDC6D1717FEEE0029B266 /* Default-568h@2x.png */ = {isa = PBXFileReference; lastKnownFileType = image.png; path = "Default-568h@2x.png"; sourceTree = "<group>"; };
		06EFDC701717FEEE0029B266 /* en */ = {isa = PBXFileReference; lastKnownFileType = file.storyboard; name = en; path = en.lproj/MainStoryboard.storyboard; sourceTree = "<group>"; };
		06EFDC721717FEEE0029B266 /* ViewController.h */ = {isa = PBXFileReference; lastKnownFileType = sourcecode.c.h; path = ViewController.h; sourceTree = "<group>"; };
		06EFDC731717FEEE0029B266 /* ViewController.m */ = {isa = PBXFileReference; lastKnownFileType = sourcecode.c.objc; path = ViewController.m; sourceTree = "<group>"; };
/* End PBXFileReference section */

/* Begin PBXFrameworksBuildPhase section */
		06EFDC511717FEEE0029B266 /* Frameworks */ = {
			isa = PBXFrameworksBuildPhase;
			buildActionMask = 2147483647;
			files = (
				06EFDC581717FEEE0029B266 /* UIKit.framework in Frameworks */,
				06EFDC5A1717FEEE0029B266 /* Foundation.framework in Frameworks */,
				06EFDC5C1717FEEE0029B266 /* CoreGraphics.framework in Frameworks */,
			);
			runOnlyForDeploymentPostprocessing = 0;
		};
/* End PBXFrameworksBuildPhase section */

/* Begin PBXGroup section */
		06EFDC4B1717FEEE0029B266 = {
			isa = PBXGroup;
			children = (
				06EFDC5D1717FEEE0029B266 /* SNBDelLineDemo */,
				06EFDC561717FEEE0029B266 /* Frameworks */,
				06EFDC551717FEEE0029B266 /* Products */,
			);
			sourceTree = "<group>";
		};
		06EFDC551717FEEE0029B266 /* Products */ = {
			isa = PBXGroup;
			children = (
				06EFDC541717FEEE0029B266 /* SNBDelLineDemo.app */,
			);
			name = Products;
			sourceTree = "<group>";
		};
		06EFDC561717FEEE0029B266 /* Frameworks */ = {
			isa = PBXGroup;
			children = (
				06EFDC571717FEEE0029B266 /* UIKit.framework */,
				06EFDC591717FEEE0029B266 /* Foundation.framework */,
				06EFDC5B1717FEEE0029B266 /* CoreGraphics.framework */,
			);
			name = Frameworks;
			sourceTree = "<group>";
		};
		06EFDC5D1717FEEE0029B266 /* SNBDelLineDemo */ = {
			isa = PBXGroup;
			children = (
				06EFDC661717FEEE0029B266 /* AppDelegate.h */,
				06EFDC671717FEEE0029B266 /* AppDelegate.m */,
				06EFDC6F1717FEEE0029B266 /* MainStoryboard.storyboard */,
				06EFDC721717FEEE0029B266 /* ViewController.h */,
				06EFDC731717FEEE0029B266 /* ViewController.m */,
				06EFDC5E1717FEEE0029B266 /* Supporting Files */,
			);
			path = SNBDelLineDemo;
			sourceTree = "<group>";
		};
		06EFDC5E1717FEEE0029B266 /* Supporting Files */ = {
			isa = PBXGroup;
			children = (
				06EFDC5F1717FEEE0029B266 /* SNBDelLineDemo-Info.plist */,
				06EFDC601717FEEE0029B266 /* InfoPlist.strings */,
				06EFDC631717FEEE0029B266 /* main.m */,
				06EFDC651717FEEE0029B266 /* SNBDelLineDemo-Prefix.pch */,
				06EFDC691717FEEE0029B266 /* Default.png */,
				06EFDC6B1717FEEE0029B266 /* Default@2x.png */,
				06EFDC6D1717FEEE0029B266 /* Default-568h@2x.png */,
			);
			name = "Supporting Files";
			sourceTree = "<group>";
		};
/* End PBXGroup section */

/* Begin PBXNativeTarget section */
		06EFDC531717FEEE0029B266 /* SNBDelLineDemo */ = {
			isa = PBXNativeTarget;
			buildConfigurationList = 06EFDC771717FEEE0029B266 /* Build configuration list for PBXNativeTarget "SNBDelLineDemo" */;
			buildPhases = (
				06EFDC501717FEEE0029B266 /* Sources */,
				06EFDC511717FEEE0029B266 /* Frameworks */,
				06EFDC521717FEEE0029B266 /* Resources */,
			);
			buildRules = (
			);
			dependencies = (
			);
			name = SNBDelLineDemo;
			productName = SNBDelLineDemo;
			productReference = 06EFDC541717FEEE0029B266 /* SNBDelLineDemo.app */;
			productType = "com.apple.product-type.application";
		};
/* End PBXNativeTarget section */

/* Begin PBXProject section */
		06EFDC4C1717FEEE0029B266 /* Project object */ = {
			isa = PBXProject;
			attributes = {
				LastUpgradeCheck = 0460;
				ORGANIZATIONNAME = Snowball;
			};
			buildConfigurationList = 06EFDC4F1717FEEE0029B266 /* Build configuration list for PBXProject "SNBDelLineDemo" */;
			compatibilityVersion = "Xcode 3.2";
			developmentRegion = English;
			hasScannedForEncodings = 0;
			knownRegions = (
				en,
			);
			mainGroup = 06EFDC4B1717FEEE0029B266;
			productRefGroup = 06EFDC551717FEEE0029B266 /* Products */;
			projectDirPath = "";
			projectRoot = "";
			targets = (
				06EFDC531717FEEE0029B266 /* SNBDelLineDemo */,
			);
		};
/* End PBXProject section */

/* Begin PBXResourcesBuildPhase section */
		06EFDC521717FEEE0029B266 /* Resources */ = {
			isa = PBXResourcesBuildPhase;
			buildActionMask = 2147483647;
			files = (
				06EFDC621717FEEE0029B266 /* InfoPlist.strings in Resources */,
				06EFDC6A1717FEEE0029B266 /* Default.png in Resources */,
				06EFDC6C1717FEEE0029B266 /* Default@2x.png in Resources */,
				06EFDC6E1717FEEE0029B266 /* Default-568h@2x.png in Resources */,
				06EFDC711717FEEE0029B266 /* MainStoryboard.storyboard in Resources */,
			);
			runOnlyForDeploymentPostprocessing = 0;
		};
/* End PBXResourcesBuildPhase section */

/* Begin PBXSourcesBuildPhase section */
		06EFDC501717FEEE0029B266 /* Sources */ = {
			isa = PBXSourcesBuildPhase;
			buildActionMask = 2147483647;
			files = (
				06EFDC641717FEEE0029B266 /* main.m in Sources */,
				06EFDC681717FEEE0029B266 /* AppDelegate.m in Sources */,
				06EFDC741717FEEE0029B266 /* ViewController.m in Sources */,
			);
			runOnlyForDeploymentPostprocessing = 0;
		};
/* End PBXSourcesBuildPhase section */

/* Begin PBXVariantGroup section */
		06EFDC601717FEEE0029B266 /* InfoPlist.strings */ = {
			isa = PBXVariantGroup;
			children = (
				06EFDC611717FEEE0029B266 /* en */,
			);
			name = InfoPlist.strings;
			sourceTree = "<group>";
		};
		06EFDC6F1717FEEE0029B266 /* MainStoryboard.storyboard */ = {
			isa = PBXVariantGroup;
			children = (
				06EFDC701717FEEE0029B266 /* en */,
			);
			name = MainStoryboard.storyboard;
			sourceTree = "<group>";
		};
/* End PBXVariantGroup section */

/* Begin XCBuildConfiguration section */
		06EFDC751717FEEE0029B266 /* Debug */ = {
			isa = XCBuildConfiguration;
			buildSettings = {
				ALWAYS_SEARCH_USER_PATHS = NO;
				CLANG_CXX_LANGUAGE_STANDARD = "gnu++0x";
				CLANG_CXX_LIBRARY = "libc++";
				CLANG_ENABLE_OBJC_ARC = YES;
				CLANG_WARN_CONSTANT_CONVERSION = YES;
				CLANG_WARN_EMPTY_BODY = YES;
				CLANG_WARN_ENUM_CONVERSION = YES;
				CLANG_WARN_INT_CONVERSION = YES;
				CLANG_WARN__DUPLICATE_METHOD_MATCH = YES;
				"CODE_SIGN_IDENTITY[sdk=iphoneos*]" = "iPhone Developer";
				COPY_PHASE_STRIP = NO;
				GCC_C_LANGUAGE_STANDARD = gnu99;
				GCC_DYNAMIC_NO_PIC = NO;
				GCC_OPTIMIZATION_LEVEL = 0;
				GCC_PREPROCESSOR_DEFINITIONS = (
					"DEBUG=1",
					"$(inherited)",
				);
				GCC_SYMBOLS_PRIVATE_EXTERN = NO;
				GCC_WARN_ABOUT_RETURN_TYPE = YES;
				GCC_WARN_UNINITIALIZED_AUTOS = YES;
				GCC_WARN_UNUSED_VARIABLE = YES;
				IPHONEOS_DEPLOYMENT_TARGET = 6.1;
				ONLY_ACTIVE_ARCH = YES;
				SDKROOT = iphoneos;
			};
			name = Debug;
		};
		06EFDC761717FEEE0029B266 /* Release */ = {
			isa = XCBuildConfiguration;
			buildSettings = {
				ALWAYS_SEARCH_USER_PATHS = NO;
				CLANG_CXX_LANGUAGE_STANDARD = "gnu++0x";
				CLANG_CXX_LIBRARY = "libc++";
				CLANG_ENABLE_OBJC_ARC = YES;
				CLANG_WARN_CONSTANT_CONVERSION = YES;
				CLANG_WARN_EMPTY_BODY = YES;
				CLANG_WARN_ENUM_CONVERSION = YES;
				CLANG_WARN_INT_CONVERSION = YES;
				CLANG_WARN__DUPLICATE_METHOD_MATCH = YES;
				"CODE_SIGN_IDENTITY[sdk=iphoneos*]" = "iPhone Developer";
				COPY_PHASE_STRIP = YES;
				GCC_C_LANGUAGE_STANDARD = gnu99;
				GCC_WARN_ABOUT_RETURN_TYPE = YES;
				GCC_WARN_UNINITIALIZED_AUTOS = YES;
				GCC_WARN_UNUSED_VARIABLE = YES;
				IPHONEOS_DEPLOYMENT_TARGET = 6.1;
				OTHER_CFLAGS = "-DNS_BLOCK_ASSERTIONS=1";
				SDKROOT = iphoneos;
				VALIDATE_PRODUCT = YES;
			};
			name = Release;
		};
		06EFDC781717FEEE0029B266 /* Debug */ = {
			isa = XCBuildConfiguration;
			buildSettings = {
				GCC_PRECOMPILE_PREFIX_HEADER = YES;
				GCC_PREFIX_HEADER = "SNBDelLineDemo/SNBDelLineDemo-Prefix.pch";
				INFOPLIST_FILE = "SNBDelLineDemo/SNBDelLineDemo-Info.plist";
				PRODUCT_NAME = "$(TARGET_NAME)";
				WRAPPER_EXTENSION = app;
			};
			name = Debug;
		};
		06EFDC791717FEEE0029B266 /* Release */ = {
			isa = XCBuildConfiguration;
			buildSettings = {
				GCC_PRECOMPILE_PREFIX_HEADER = YES;
				GCC_PREFIX_HEADER = "SNBDelLineDemo/SNBDelLineDemo-Prefix.pch";
				INFOPLIST_FILE = "SNBDelLineDemo/SNBDelLineDemo-Info.plist";
				PRODUCT_NAME = "$(TARGET_NAME)";
				WRAPPER_EXTENSION = app;
			};
			name = Release;
		};
/* End XCBuildConfiguration section */

/* Begin XCConfigurationList section */
		06EFDC4F1717FEEE0029B266 /* Build configuration list for PBXProject "SNBDelLineDemo" */ = {
			isa = XCConfigurationList;
			buildConfigurations = (
				06EFDC751717FEEE0029B266 /* Debug */,
				06EFDC761717FEEE0029B266 /* Release */,
			);
			defaultConfigurationIsVisible = 0;
			defaultConfigurationName = Release;
		};
		06EFDC771717FEEE0029B266 /* Build configuration list for PBXNativeTarget "SNBDelLineDemo" */ = {
			isa = XCConfigurationList;
			buildConfigurations = (
				06EFDC781717FEEE0029B266 /* Debug */,
				06EFDC791717FEEE0029B266 /* Release */,
			);
			defaultConfigurationIsVisible = 0;
		};
/* End XCConfigurationList section */
	};
	rootObject = 06EFDC4C1717FEEE0029B266 /* Project object */;
}
